
Microsoft Visual Studio Solution File, Format Version 12.00
# Visual Studio Version 17
VisualStudioVersion = 17.5.002.0
MinimumVisualStudioVersion = 10.0.40219.1
Project("{9A19103F-16F7-4668-BE54-9A1E7A4F7556}") = "exam-block-1", "exam-block-1.csproj", "{47479CF8-4623-426C-96D7-55E890FC45A4}"
EndProject
Global
	GlobalSection(SolutionConfigurationPlatforms) = preSolution
		Debug|Any CPU = Debug|Any CPU
		Release|Any CPU = Release|Any CPU
	EndGlobalSection
	GlobalSection(ProjectConfigurationPlatforms) = postSolution
		{47479CF8-4623-426C-96D7-55E890FC45A4}.Debug|Any CPU.ActiveCfg = Debug|Any CPU
		{47479CF8-4623-426C-96D7-55E890FC45A4}.Debug|Any CPU.Build.0 = Debug|Any CPU
		{47479CF8-4623-426C-96D7-55E890FC45A4}.Release|Any CPU.ActiveCfg = Release|Any CPU
		{47479CF8-4623-426C-96D7-55E890FC45A4}.Release|Any CPU.Build.0 = Release|Any CPU
	EndGlobalSection
	GlobalSection(SolutionProperties) = preSolution
		HideSolutionNode = FALSE
	EndGlobalSection
	GlobalSection(ExtensibilityGlobals) = postSolution
		SolutionGuid = {298350B5-3F2E-46AE-82EB-B9DDF07F87CE}
	EndGlobalSection
EndGlobal
